// !$*UTF8*$!
{
	archiveVersion = 1;
	classes = {
	};
	objectVersion = 55;
	objects = {

/* Begin PBXBuildFile section */
		073721F827E2F746003E3B76 /* CustomTextField.swift in Sources */ = {isa = PBXBuildFile; fileRef = 073721F727E2F746003E3B76 /* CustomTextField.swift */; };
		073721FC27E2F9B2003E3B76 /* LoginViewModel.swift in Sources */ = {isa = PBXBuildFile; fileRef = 073721FB27E2F9B2003E3B76 /* LoginViewModel.swift */; };
		07EA733927E433450004FCD8 /* ProfileView.swift in Sources */ = {isa = PBXBuildFile; fileRef = 07EA733827E433450004FCD8 /* ProfileView.swift */; };
		07EA733B27E44D3F0004FCD8 /* MovieResponse.swift in Sources */ = {isa = PBXBuildFile; fileRef = 07EA733A27E44D3F0004FCD8 /* MovieResponse.swift */; };
		07EA733D27E44E2C0004FCD8 /* PopularResponse.swift in Sources */ = {isa = PBXBuildFile; fileRef = 07EA733C27E44E2C0004FCD8 /* PopularResponse.swift */; };
		07EA733F27E44EC90004FCD8 /* HomeViewModel.swift in Sources */ = {isa = PBXBuildFile; fileRef = 07EA733E27E44EC90004FCD8 /* HomeViewModel.swift */; };
		07EA734127E460AB0004FCD8 /* CustomCardMovie.swift in Sources */ = {isa = PBXBuildFile; fileRef = 07EA734027E460AB0004FCD8 /* CustomCardMovie.swift */; };
		1373C7E927E24EBD00C22A48 /* coppel2App.swift in Sources */ = {isa = PBXBuildFile; fileRef = 1373C7E827E24EBD00C22A48 /* coppel2App.swift */; };
		1373C7EB27E24EBD00C22A48 /* ContentView.swift in Sources */ = {isa = PBXBuildFile; fileRef = 1373C7EA27E24EBD00C22A48 /* ContentView.swift */; };
		1373C7ED27E24EC800C22A48 /* Assets.xcassets in Resources */ = {isa = PBXBuildFile; fileRef = 1373C7EC27E24EC800C22A48 /* Assets.xcassets */; };
		1373C7F027E24EC800C22A48 /* Preview Assets.xcassets in Resources */ = {isa = PBXBuildFile; fileRef = 1373C7EF27E24EC800C22A48 /* Preview Assets.xcassets */; };
		1373C7F727E24F1B00C22A48 /* LoginView.swift in Sources */ = {isa = PBXBuildFile; fileRef = 1373C7F627E24F1B00C22A48 /* LoginView.swift */; };
		D3406AA427E3A008004D874B /* TokenResponse.swift in Sources */ = {isa = PBXBuildFile; fileRef = D3406AA327E3A008004D874B /* TokenResponse.swift */; };
		D3406AA727E3A8BE004D874B /* SignInRequest.swift in Sources */ = {isa = PBXBuildFile; fileRef = D3406AA627E3A8BE004D874B /* SignInRequest.swift */; };
		D3406AAB27E3AD33004D874B /* HomeView.swift in Sources */ = {isa = PBXBuildFile; fileRef = D3406AAA27E3AD33004D874B /* HomeView.swift */; };
		D3406AAD27E3B686004D874B /* SplashView.swift in Sources */ = {isa = PBXBuildFile; fileRef = D3406AAC27E3B686004D874B /* SplashView.swift */; };
		D3406AAF27E3BCA9004D874B /* CustomSpinner.swift in Sources */ = {isa = PBXBuildFile; fileRef = D3406AAE27E3BCA9004D874B /* CustomSpinner.swift */; };
/* End PBXBuildFile section */

/* Begin PBXFileReference section */
		073721F727E2F746003E3B76 /* CustomTextField.swift */ = {isa = PBXFileReference; fileEncoding = 4; lastKnownFileType = sourcecode.swift; path = CustomTextField.swift; sourceTree = "<group>"; };
		073721FB27E2F9B2003E3B76 /* LoginViewModel.swift */ = {isa = PBXFileReference; fileEncoding = 4; lastKnownFileType = sourcecode.swift; path = LoginViewModel.swift; sourceTree = "<group>"; };
		07EA733827E433450004FCD8 /* ProfileView.swift */ = {isa = PBXFileReference; lastKnownFileType = sourcecode.swift; path = ProfileView.swift; sourceTree = "<group>"; };
		07EA733A27E44D3F0004FCD8 /* MovieResponse.swift */ = {isa = PBXFileReference; lastKnownFileType = sourcecode.swift; path = MovieResponse.swift; sourceTree = "<group>"; };
		07EA733C27E44E2C0004FCD8 /* PopularResponse.swift */ = {isa = PBXFileReference; lastKnownFileType = sourcecode.swift; path = PopularResponse.swift; sourceTree = "<group>"; };
		07EA733E27E44EC90004FCD8 /* HomeViewModel.swift */ = {isa = PBXFileReference; lastKnownFileType = sourcecode.swift; path = HomeViewModel.swift; sourceTree = "<group>"; };
		07EA734027E460AB0004FCD8 /* CustomCardMovie.swift */ = {isa = PBXFileReference; lastKnownFileType = sourcecode.swift; path = CustomCardMovie.swift; sourceTree = "<group>"; };
		1373C7E527E24EBD00C22A48 /* coppel2.app */ = {isa = PBXFileReference; explicitFileType = wrapper.application; includeInIndex = 0; path = coppel2.app; sourceTree = BUILT_PRODUCTS_DIR; };
		1373C7E827E24EBD00C22A48 /* coppel2App.swift */ = {isa = PBXFileReference; lastKnownFileType = sourcecode.swift; path = coppel2App.swift; sourceTree = "<group>"; };
		1373C7EA27E24EBD00C22A48 /* ContentView.swift */ = {isa = PBXFileReference; lastKnownFileType = sourcecode.swift; path = ContentView.swift; sourceTree = "<group>"; };
		1373C7EC27E24EC800C22A48 /* Assets.xcassets */ = {isa = PBXFileReference; lastKnownFileType = folder.assetcatalog; path = Assets.xcassets; sourceTree = "<group>"; };
		1373C7EF27E24EC800C22A48 /* Preview Assets.xcassets */ = {isa = PBXFileReference; lastKnownFileType = folder.assetcatalog; path = "Preview Assets.xcassets"; sourceTree = "<group>"; };
		1373C7F627E24F1B00C22A48 /* LoginView.swift */ = {isa = PBXFileReference; lastKnownFileType = sourcecode.swift; path = LoginView.swift; sourceTree = "<group>"; };
		D3406AA327E3A008004D874B /* TokenResponse.swift */ = {isa = PBXFileReference; lastKnownFileType = sourcecode.swift; path = TokenResponse.swift; sourceTree = "<group>"; };
		D3406AA627E3A8BE004D874B /* SignInRequest.swift */ = {isa = PBXFileReference; lastKnownFileType = sourcecode.swift; path = SignInRequest.swift; sourceTree = "<group>"; };
		D3406AAA27E3AD33004D874B /* HomeView.swift */ = {isa = PBXFileReference; lastKnownFileType = sourcecode.swift; path = HomeView.swift; sourceTree = "<group>"; };
		D3406AAC27E3B686004D874B /* SplashView.swift */ = {isa = PBXFileReference; lastKnownFileType = sourcecode.swift; path = SplashView.swift; sourceTree = "<group>"; };
		D3406AAE27E3BCA9004D874B /* CustomSpinner.swift */ = {isa = PBXFileReference; lastKnownFileType = sourcecode.swift; path = CustomSpinner.swift; sourceTree = "<group>"; };
/* End PBXFileReference section */

/* Begin PBXFrameworksBuildPhase section */
		1373C7E227E24EBD00C22A48 /* Frameworks */ = {
			isa = PBXFrameworksBuildPhase;
			buildActionMask = 2147483647;
			files = (
			);
			runOnlyForDeploymentPostprocessing = 0;
		};
/* End PBXFrameworksBuildPhase section */

/* Begin PBXGroup section */
		073721F927E2F749003E3B76 /* ViewModel */ = {
			isa = PBXGroup;
			children = (
				073721FB27E2F9B2003E3B76 /* LoginViewModel.swift */,
				07EA733E27E44EC90004FCD8 /* HomeViewModel.swift */,
			);
			path = ViewModel;
			sourceTree = "<group>";
		};
		073721FA27E2F752003E3B76 /* Custom */ = {
			isa = PBXGroup;
			children = (
				073721F727E2F746003E3B76 /* CustomTextField.swift */,
				D3406AAE27E3BCA9004D874B /* CustomSpinner.swift */,
				07EA734027E460AB0004FCD8 /* CustomCardMovie.swift */,
			);
			path = Custom;
			sourceTree = "<group>";
		};
		1309CDF827E263C80091902A /* View */ = {
			isa = PBXGroup;
			children = (
				073721FA27E2F752003E3B76 /* Custom */,
				D3406AAC27E3B686004D874B /* SplashView.swift */,
				1373C7F627E24F1B00C22A48 /* LoginView.swift */,
				D3406AAA27E3AD33004D874B /* HomeView.swift */,
				1373C7EA27E24EBD00C22A48 /* ContentView.swift */,
				07EA733827E433450004FCD8 /* ProfileView.swift */,
			);
			name = View;
			path = "New Group";
			sourceTree = "<group>";
		};
		1373C7DC27E24EBC00C22A48 = {
			isa = PBXGroup;
			children = (
				1373C7E727E24EBD00C22A48 /* coppel2 */,
				1373C7E627E24EBD00C22A48 /* Products */,
			);
			sourceTree = "<group>";
		};
		1373C7E627E24EBD00C22A48 /* Products */ = {
			isa = PBXGroup;
			children = (
				1373C7E527E24EBD00C22A48 /* coppel2.app */,
			);
			name = Products;
			sourceTree = "<group>";
		};
		1373C7E727E24EBD00C22A48 /* coppel2 */ = {
			isa = PBXGroup;
			children = (
				1373C7E827E24EBD00C22A48 /* coppel2App.swift */,
				D3406AA527E3A00D004D874B /* Model */,
				073721F927E2F749003E3B76 /* ViewModel */,
				1309CDF827E263C80091902A /* View */,
				1373C7EC27E24EC800C22A48 /* Assets.xcassets */,
				1373C7EE27E24EC800C22A48 /* Preview Content */,
			);
			path = coppel2;
			sourceTree = "<group>";
		};
		1373C7EE27E24EC800C22A48 /* Preview Content */ = {
			isa = PBXGroup;
			children = (
				1373C7EF27E24EC800C22A48 /* Preview Assets.xcassets */,
			);
			path = "Preview Content";
			sourceTree = "<group>";
		};
		D3406AA527E3A00D004D874B /* Model */ = {
			isa = PBXGroup;
			children = (
				D3406AA927E3AA13004D874B /* Request */,
				D3406AA827E3AA0D004D874B /* Response */,
			);
			path = Model;
			sourceTree = "<group>";
		};
		D3406AA827E3AA0D004D874B /* Response */ = {
			isa = PBXGroup;
			children = (
				D3406AA327E3A008004D874B /* TokenResponse.swift */,
				07EA733A27E44D3F0004FCD8 /* MovieResponse.swift */,
				07EA733C27E44E2C0004FCD8 /* PopularResponse.swift */,
			);
			path = Response;
			sourceTree = "<group>";
		};
		D3406AA927E3AA13004D874B /* Request */ = {
			isa = PBXGroup;
			children = (
				D3406AA627E3A8BE004D874B /* SignInRequest.swift */,
			);
			path = Request;
			sourceTree = "<group>";
		};
/* End PBXGroup section */

/* Begin PBXNativeTarget section */
		1373C7E427E24EBD00C22A48 /* coppel2 */ = {
			isa = PBXNativeTarget;
			buildConfigurationList = 1373C7F327E24EC800C22A48 /* Build configuration list for PBXNativeTarget "coppel2" */;
			buildPhases = (
				1373C7E127E24EBD00C22A48 /* Sources */,
				1373C7E227E24EBD00C22A48 /* Frameworks */,
				1373C7E327E24EBD00C22A48 /* Resources */,
			);
			buildRules = (
			);
			dependencies = (
			);
			name = coppel2;
			productName = coppel2;
			productReference = 1373C7E527E24EBD00C22A48 /* coppel2.app */;
			productType = "com.apple.product-type.application";
		};
/* End PBXNativeTarget section */

/* Begin PBXProject section */
		1373C7DD27E24EBC00C22A48 /* Project object */ = {
			isa = PBXProject;
			attributes = {
				BuildIndependentTargetsInParallel = 1;
				LastSwiftUpdateCheck = 1320;
				LastUpgradeCheck = 1320;
				TargetAttributes = {
					1373C7E427E24EBD00C22A48 = {
						CreatedOnToolsVersion = 13.2.1;
					};
				};
			};
			buildConfigurationList = 1373C7E027E24EBC00C22A48 /* Build configuration list for PBXProject "coppel2" */;
			compatibilityVersion = "Xcode 13.0";
			developmentRegion = en;
			hasScannedForEncodings = 0;
			knownRegions = (
				en,
				Base,
			);
			mainGroup = 1373C7DC27E24EBC00C22A48;
			productRefGroup = 1373C7E627E24EBD00C22A48 /* Products */;
			projectDirPath = "";
			projectRoot = "";
			targets = (
				1373C7E427E24EBD00C22A48 /* coppel2 */,
			);
		};
/* End PBXProject section */

/* Begin PBXResourcesBuildPhase section */
		1373C7E327E24EBD00C22A48 /* Resources */ = {
			isa = PBXResourcesBuildPhase;
			buildActionMask = 2147483647;
			files = (
				1373C7F027E24EC800C22A48 /* Preview Assets.xcassets in Resources */,
				1373C7ED27E24EC800C22A48 /* Assets.xcassets in Resources */,
			);
			runOnlyForDeploymentPostprocessing = 0;
		};
/* End PBXResourcesBuildPhase section */

/* Begin PBXSourcesBuildPhase section */
		1373C7E127E24EBD00C22A48 /* Sources */ = {
			isa = PBXSourcesBuildPhase;
			buildActionMask = 2147483647;
			files = (
				D3406AAF27E3BCA9004D874B /* CustomSpinner.swift in Sources */,
				073721F827E2F746003E3B76 /* CustomTextField.swift in Sources */,
				1373C7EB27E24EBD00C22A48 /* ContentView.swift in Sources */,
				07EA733D27E44E2C0004FCD8 /* PopularResponse.swift in Sources */,
				073721FC27E2F9B2003E3B76 /* LoginViewModel.swift in Sources */,
				1373C7F727E24F1B00C22A48 /* LoginView.swift in Sources */,
				D3406AA427E3A008004D874B /* TokenResponse.swift in Sources */,
				D3406AAB27E3AD33004D874B /* HomeView.swift in Sources */,
				1373C7E927E24EBD00C22A48 /* coppel2App.swift in Sources */,
				07EA733F27E44EC90004FCD8 /* HomeViewModel.swift in Sources */,
				D3406AA727E3A8BE004D874B /* SignInRequest.swift in Sources */,
				07EA734127E460AB0004FCD8 /* CustomCardMovie.swift in Sources */,
				07EA733B27E44D3F0004FCD8 /* MovieResponse.swift in Sources */,
				07EA733927E433450004FCD8 /* ProfileView.swift in Sources */,
				D3406AAD27E3B686004D874B /* SplashView.swift in Sources */,
			);
			runOnlyForDeploymentPostprocessing = 0;
		};
/* End PBXSourcesBuildPhase section */

/* Begin XCBuildConfiguration section */
		1373C7F127E24EC800C22A48 /* Debug */ = {
			isa = XCBuildConfiguration;
			buildSettings = {
				ALWAYS_SEARCH_USER_PATHS = NO;
				CLANG_ANALYZER_NONNULL = YES;
				CLANG_ANALYZER_NUMBER_OBJECT_CONVERSION = YES_AGGRESSIVE;
				CLANG_CXX_LANGUAGE_STANDARD = "gnu++17";
				CLANG_CXX_LIBRARY = "libc++";
				CLANG_ENABLE_MODULES = YES;
				CLANG_ENABLE_OBJC_ARC = YES;
				CLANG_ENABLE_OBJC_WEAK = YES;
				CLANG_WARN_BLOCK_CAPTURE_AUTORELEASING = YES;
				CLANG_WARN_BOOL_CONVERSION = YES;
				CLANG_WARN_COMMA = YES;
				CLANG_WARN_CONSTANT_CONVERSION = YES;
				CLANG_WARN_DEPRECATED_OBJC_IMPLEMENTATIONS = YES;
				CLANG_WARN_DIRECT_OBJC_ISA_USAGE = YES_ERROR;
				CLANG_WARN_DOCUMENTATION_COMMENTS = YES;
				CLANG_WARN_EMPTY_BODY = YES;
				CLANG_WARN_ENUM_CONVERSION = YES;
				CLANG_WARN_INFINITE_RECURSION = YES;
				CLANG_WARN_INT_CONVERSION = YES;
				CLANG_WARN_NON_LITERAL_NULL_CONVERSION = YES;
				CLANG_WARN_OBJC_IMPLICIT_RETAIN_SELF = YES;
				CLANG_WARN_OBJC_LITERAL_CONVERSION = YES;
				CLANG_WARN_OBJC_ROOT_CLASS = YES_ERROR;
				CLANG_WARN_QUOTED_INCLUDE_IN_FRAMEWORK_HEADER = YES;
				CLANG_WARN_RANGE_LOOP_ANALYSIS = YES;
				CLANG_WARN_STRICT_PROTOTYPES = YES;
				CLANG_WARN_SUSPICIOUS_MOVE = YES;
				CLANG_WARN_UNGUARDED_AVAILABILITY = YES_AGGRESSIVE;
				CLANG_WARN_UNREACHABLE_CODE = YES;
				CLANG_WARN__DUPLICATE_METHOD_MATCH = YES;
				COPY_PHASE_STRIP = NO;
				DEBUG_INFORMATION_FORMAT = dwarf;
				ENABLE_STRICT_OBJC_MSGSEND = YES;
				ENABLE_TESTABILITY = YES;
				GCC_C_LANGUAGE_STANDARD = gnu11;
				GCC_DYNAMIC_NO_PIC = NO;
				GCC_NO_COMMON_BLOCKS = YES;
				GCC_OPTIMIZATION_LEVEL = 0;
				GCC_PREPROCESSOR_DEFINITIONS = (
					"DEBUG=1",
					"$(inherited)",
				);
				GCC_WARN_64_TO_32_BIT_CONVERSION = YES;
				GCC_WARN_ABOUT_RETURN_TYPE = YES_ERROR;
				GCC_WARN_UNDECLARED_SELECTOR = YES;
				GCC_WARN_UNINITIALIZED_AUTOS = YES_AGGRESSIVE;
				GCC_WARN_UNUSED_FUNCTION = YES;
				GCC_WARN_UNUSED_VARIABLE = YES;
				IPHONEOS_DEPLOYMENT_TARGET = 15.2;
				MTL_ENABLE_DEBUG_INFO = INCLUDE_SOURCE;
				MTL_FAST_MATH = YES;
				ONLY_ACTIVE_ARCH = YES;
				SDKROOT = iphoneos;
				SWIFT_ACTIVE_COMPILATION_CONDITIONS = DEBUG;
				SWIFT_OPTIMIZATION_LEVEL = "-Onone";
			};
			name = Debug;
		};
		1373C7F227E24EC800C22A48 /* Release */ = {
			isa = XCBuildConfiguration;
			buildSettings = {
				ALWAYS_SEARCH_USER_PATHS = NO;
				CLANG_ANALYZER_NONNULL = YES;
				CLANG_ANALYZER_NUMBER_OBJECT_CONVERSION = YES_AGGRESSIVE;
				CLANG_CXX_LANGUAGE_STANDARD = "gnu++17";
				CLANG_CXX_LIBRARY = "libc++";
				CLANG_ENABLE_MODULES = YES;
				CLANG_ENABLE_OBJC_ARC = YES;
				CLANG_ENABLE_OBJC_WEAK = YES;
				CLANG_WARN_BLOCK_CAPTURE_AUTORELEASING = YES;
				CLANG_WARN_BOOL_CONVERSION = YES;
				CLANG_WARN_COMMA = YES;
				CLANG_WARN_CONSTANT_CONVERSION = YES;
				CLANG_WARN_DEPRECATED_OBJC_IMPLEMENTATIONS = YES;
				CLANG_WARN_DIRECT_OBJC_ISA_USAGE = YES_ERROR;
				CLANG_WARN_DOCUMENTATION_COMMENTS = YES;
				CLANG_WARN_EMPTY_BODY = YES;
				CLANG_WARN_ENUM_CONVERSION = YES;
				CLANG_WARN_INFINITE_RECURSION = YES;
				CLANG_WARN_INT_CONVERSION = YES;
				CLANG_WARN_NON_LITERAL_NULL_CONVERSION = YES;
				CLANG_WARN_OBJC_IMPLICIT_RETAIN_SELF = YES;
				CLANG_WARN_OBJC_LITERAL_CONVERSION = YES;
				CLANG_WARN_OBJC_ROOT_CLASS = YES_ERROR;
				CLANG_WARN_QUOTED_INCLUDE_IN_FRAMEWORK_HEADER = YES;
				CLANG_WARN_RANGE_LOOP_ANALYSIS = YES;
				CLANG_WARN_STRICT_PROTOTYPES = YES;
				CLANG_WARN_SUSPICIOUS_MOVE = YES;
				CLANG_WARN_UNGUARDED_AVAILABILITY = YES_AGGRESSIVE;
				CLANG_WARN_UNREACHABLE_CODE = YES;
				CLANG_WARN__DUPLICATE_METHOD_MATCH = YES;
				COPY_PHASE_STRIP = NO;
				DEBUG_INFORMATION_FORMAT = "dwarf-with-dsym";
				ENABLE_NS_ASSERTIONS = NO;
				ENABLE_STRICT_OBJC_MSGSEND = YES;
				GCC_C_LANGUAGE_STANDARD = gnu11;
				GCC_NO_COMMON_BLOCKS = YES;
				GCC_WARN_64_TO_32_BIT_CONVERSION = YES;
				GCC_WARN_ABOUT_RETURN_TYPE = YES_ERROR;
				GCC_WARN_UNDECLARED_SELECTOR = YES;
				GCC_WARN_UNINITIALIZED_AUTOS = YES_AGGRESSIVE;
				GCC_WARN_UNUSED_FUNCTION = YES;
				GCC_WARN_UNUSED_VARIABLE = YES;
				IPHONEOS_DEPLOYMENT_TARGET = 15.2;
				MTL_ENABLE_DEBUG_INFO = NO;
				MTL_FAST_MATH = YES;
				SDKROOT = iphoneos;
				SWIFT_COMPILATION_MODE = wholemodule;
				SWIFT_OPTIMIZATION_LEVEL = "-O";
				VALIDATE_PRODUCT = YES;
			};
			name = Release;
		};
		1373C7F427E24EC800C22A48 /* Debug */ = {
			isa = XCBuildConfiguration;
			buildSettings = {
				ASSETCATALOG_COMPILER_APPICON_NAME = AppIcon;
				ASSETCATALOG_COMPILER_GLOBAL_ACCENT_COLOR_NAME = AccentColor;
				CODE_SIGN_STYLE = Automatic;
				CURRENT_PROJECT_VERSION = 1;
				DEVELOPMENT_ASSET_PATHS = "\"coppel2/Preview Content\"";
				ENABLE_PREVIEWS = YES;
				GENERATE_INFOPLIST_FILE = YES;
				INFOPLIST_KEY_UIApplicationSceneManifest_Generation = YES;
				INFOPLIST_KEY_UIApplicationSupportsIndirectInputEvents = YES;
				INFOPLIST_KEY_UILaunchScreen_Generation = YES;
				INFOPLIST_KEY_UISupportedInterfaceOrientations_iPad = "UIInterfaceOrientationPortrait UIInterfaceOrientationPortraitUpsideDown UIInterfaceOrientationLandscapeLeft UIInterfaceOrientationLandscapeRight";
				INFOPLIST_KEY_UISupportedInterfaceOrientations_iPhone = "UIInterfaceOrientationPortrait UIInterfaceOrientationLandscapeLeft UIInterfaceOrientationLandscapeRight";
				LD_RUNPATH_SEARCH_PATHS = (
					"$(inherited)",
					"@executable_path/Frameworks",
				);
				MARKETING_VERSION = 1.0;
				PRODUCT_BUNDLE_IDENTIFIER = com.gpv.coppel2;
				PRODUCT_NAME = "$(TARGET_NAME)";
				SWIFT_EMIT_LOC_STRINGS = YES;
				SWIFT_VERSION = 5.0;
				TARGETED_DEVICE_FAMILY = "1,2";
			};
			name = Debug;
		};
		1373C7F527E24EC800C22A48 /* Release */ = {
			isa = XCBuildConfiguration;
			buildSettings = {
				ASSETCATALOG_COMPILER_APPICON_NAME = AppIcon;
				ASSETCATALOG_COMPILER_GLOBAL_ACCENT_COLOR_NAME = AccentColor;
				CODE_SIGN_STYLE = Automatic;
				CURRENT_PROJECT_VERSION = 1;
				DEVELOPMENT_ASSET_PATHS = "\"coppel2/Preview Content\"";
				ENABLE_PREVIEWS = YES;
				GENERATE_INFOPLIST_FILE = YES;
				INFOPLIST_KEY_UIApplicationSceneManifest_Generation = YES;
				INFOPLIST_KEY_UIApplicationSupportsIndirectInputEvents = YES;
				INFOPLIST_KEY_UILaunchScreen_Generation = YES;
				INFOPLIST_KEY_UISupportedInterfaceOrientations_iPad = "UIInterfaceOrientationPortrait UIInterfaceOrientationPortraitUpsideDown UIInterfaceOrientationLandscapeLeft UIInterfaceOrientationLandscapeRight";
				INFOPLIST_KEY_UISupportedInterfaceOrientations_iPhone = "UIInterfaceOrientationPortrait UIInterfaceOrientationLandscapeLeft UIInterfaceOrientationLandscapeRight";
				LD_RUNPATH_SEARCH_PATHS = (
					"$(inherited)",
					"@executable_path/Frameworks",
				);
				MARKETING_VERSION = 1.0;
				PRODUCT_BUNDLE_IDENTIFIER = com.gpv.coppel2;
				PRODUCT_NAME = "$(TARGET_NAME)";
				SWIFT_EMIT_LOC_STRINGS = YES;
				SWIFT_VERSION = 5.0;
				TARGETED_DEVICE_FAMILY = "1,2";
			};
			name = Release;
		};
/* End XCBuildConfiguration section */

/* Begin XCConfigurationList section */
		1373C7E027E24EBC00C22A48 /* Build configuration list for PBXProject "coppel2" */ = {
			isa = XCConfigurationList;
			buildConfigurations = (
				1373C7F127E24EC800C22A48 /* Debug */,
				1373C7F227E24EC800C22A48 /* Release */,
			);
			defaultConfigurationIsVisible = 0;
			defaultConfigurationName = Release;
		};
		1373C7F327E24EC800C22A48 /* Build configuration list for PBXNativeTarget "coppel2" */ = {
			isa = XCConfigurationList;
			buildConfigurations = (
				1373C7F427E24EC800C22A48 /* Debug */,
				1373C7F527E24EC800C22A48 /* Release */,
			);
			defaultConfigurationIsVisible = 0;
			defaultConfigurationName = Release;
		};
/* End XCConfigurationList section */
	};
	rootObject = 1373C7DD27E24EBC00C22A48 /* Project object */;
}
